
Microsoft Visual Studio Solution File, Format Version 12.00
# Visual Studio Version 16
VisualStudioVersion = 16.0.31129.286
MinimumVisualStudioVersion = 10.0.40219.1
Project("{9A19103F-16F7-4668-BE54-9A1E7A4F7556}") = "ColorControls", "ColorControls\ColorControls.csproj", "{57272742-ACD7-43BF-B151-0E1E4B3D0818}"
EndProject
Project("{9A19103F-16F7-4668-BE54-9A1E7A4F7556}") = "ColorControlsTests", "ColorControlsTests\ColorControlsTests.csproj", "{843F2C13-FD69-4C48-8FFD-3739C97DC3DA}"
EndProject
Project("{FAE04EC0-301F-11D3-BF4B-00C04F79EFBC}") = "ColorSpaceTests", "ColorSpaceTests\ColorSpaceTests.csproj", "{5CF99BCF-06EC-4053-BD29-BEA3545E98F6}"
	ProjectSection(ProjectDependencies) = postProject
		{57272742-ACD7-43BF-B151-0E1E4B3D0818} = {57272742-ACD7-43BF-B151-0E1E4B3D0818}
	EndProjectSection
EndProject
Global
	GlobalSection(SolutionConfigurationPlatforms) = preSolution
		Debug|Any CPU = Debug|Any CPU
		Release|Any CPU = Release|Any CPU
	EndGlobalSection
	GlobalSection(ProjectConfigurationPlatforms) = postSolution
		{57272742-ACD7-43BF-B151-0E1E4B3D0818}.Debug|Any CPU.ActiveCfg = Debug|Any CPU
		{57272742-ACD7-43BF-B151-0E1E4B3D0818}.Debug|Any CPU.Build.0 = Debug|Any CPU
		{57272742-ACD7-43BF-B151-0E1E4B3D0818}.Release|Any CPU.ActiveCfg = Release|Any CPU
		{57272742-ACD7-43BF-B151-0E1E4B3D0818}.Release|Any CPU.Build.0 = Release|Any CPU
		{843F2C13-FD69-4C48-8FFD-3739C97DC3DA}.Debug|Any CPU.ActiveCfg = Debug|Any CPU
		{843F2C13-FD69-4C48-8FFD-3739C97DC3DA}.Debug|Any CPU.Build.0 = Debug|Any CPU
		{843F2C13-FD69-4C48-8FFD-3739C97DC3DA}.Release|Any CPU.ActiveCfg = Release|Any CPU
		{843F2C13-FD69-4C48-8FFD-3739C97DC3DA}.Release|Any CPU.Build.0 = Release|Any CPU
		{5CF99BCF-06EC-4053-BD29-BEA3545E98F6}.Debug|Any CPU.ActiveCfg = Debug|Any CPU
		{5CF99BCF-06EC-4053-BD29-BEA3545E98F6}.Debug|Any CPU.Build.0 = Debug|Any CPU
		{5CF99BCF-06EC-4053-BD29-BEA3545E98F6}.Release|Any CPU.ActiveCfg = Release|Any CPU
		{5CF99BCF-06EC-4053-BD29-BEA3545E98F6}.Release|Any CPU.Build.0 = Release|Any CPU
	EndGlobalSection
	GlobalSection(SolutionProperties) = preSolution
		HideSolutionNode = FALSE
	EndGlobalSection
	GlobalSection(ExtensibilityGlobals) = postSolution
		SolutionGuid = {D107E3D4-C282-4B36-91C8-AD2311585100}
	EndGlobalSection
EndGlobal
